
Microsoft Visual Studio Solution File, Format Version 12.00
# Visual Studio 15
VisualStudioVersion = 15.0.28307.329
MinimumVisualStudioVersion = 10.0.40219.1
Project("{9A19103F-16F7-4668-BE54-9A1E7A4F7556}") = "Benchmark", "Benchmark\Benchmark.csproj", "{F14CFE96-02F0-4889-88A1-6F9CF6E9E74A}"
EndProject
Project("{2150E333-8FDC-42A3-9474-1A3956D46DE8}") = "libs", "libs", "{126B7520-27EE-4E60-9B5F-EA4AEFB50B63}"
EndProject
Project("{9A19103F-16F7-4668-BE54-9A1E7A4F7556}") = "Common.DocDB", "libs\Common.DocDB\Common.DocDB.csproj", "{742F01EB-5641-4B9D-BBE4-89704416971D}"
EndProject
Project("{9A19103F-16F7-4668-BE54-9A1E7A4F7556}") = "Common.GraphDB", "libs\Common.GraphDB\Common.GraphDB.csproj", "{AA0FE99D-D03C-4B15-A22E-83B1F380D4D2}"
EndProject
Project("{9A19103F-16F7-4668-BE54-9A1E7A4F7556}") = "Common.KeyVault", "libs\Common.KeyVault\Common.KeyVault.csproj", "{7A253760-4D1F-4539-9290-E6603855E666}"
EndProject
Project("{FAE04EC0-301F-11D3-BF4B-00C04F79EFBC}") = "Common.Telemetry", "libs\Common.Telemetry\Common.Telemetry.csproj", "{52CFB0CB-2475-4DFF-97AF-9236ECDCD7DB}"
EndProject
Project("{FAE04EC0-301F-11D3-BF4B-00C04F79EFBC}") = "Common.Security", "libs\Common.Security\Common.Security.csproj", "{3174C42D-20CD-4304-84DC-6252462BB18E}"
EndProject
Global
	GlobalSection(SolutionConfigurationPlatforms) = preSolution
		Debug|Any CPU = Debug|Any CPU
		Release|Any CPU = Release|Any CPU
	EndGlobalSection
	GlobalSection(ProjectConfigurationPlatforms) = postSolution
		{F14CFE96-02F0-4889-88A1-6F9CF6E9E74A}.Debug|Any CPU.ActiveCfg = Debug|Any CPU
		{F14CFE96-02F0-4889-88A1-6F9CF6E9E74A}.Debug|Any CPU.Build.0 = Debug|Any CPU
		{F14CFE96-02F0-4889-88A1-6F9CF6E9E74A}.Release|Any CPU.ActiveCfg = Release|Any CPU
		{F14CFE96-02F0-4889-88A1-6F9CF6E9E74A}.Release|Any CPU.Build.0 = Release|Any CPU
		{742F01EB-5641-4B9D-BBE4-89704416971D}.Debug|Any CPU.ActiveCfg = Debug|Any CPU
		{742F01EB-5641-4B9D-BBE4-89704416971D}.Debug|Any CPU.Build.0 = Debug|Any CPU
		{742F01EB-5641-4B9D-BBE4-89704416971D}.Release|Any CPU.ActiveCfg = Release|Any CPU
		{742F01EB-5641-4B9D-BBE4-89704416971D}.Release|Any CPU.Build.0 = Release|Any CPU
		{AA0FE99D-D03C-4B15-A22E-83B1F380D4D2}.Debug|Any CPU.ActiveCfg = Debug|Any CPU
		{AA0FE99D-D03C-4B15-A22E-83B1F380D4D2}.Debug|Any CPU.Build.0 = Debug|Any CPU
		{AA0FE99D-D03C-4B15-A22E-83B1F380D4D2}.Release|Any CPU.ActiveCfg = Release|Any CPU
		{AA0FE99D-D03C-4B15-A22E-83B1F380D4D2}.Release|Any CPU.Build.0 = Release|Any CPU
		{7A253760-4D1F-4539-9290-E6603855E666}.Debug|Any CPU.ActiveCfg = Debug|Any CPU
		{7A253760-4D1F-4539-9290-E6603855E666}.Debug|Any CPU.Build.0 = Debug|Any CPU
		{7A253760-4D1F-4539-9290-E6603855E666}.Release|Any CPU.ActiveCfg = Release|Any CPU
		{7A253760-4D1F-4539-9290-E6603855E666}.Release|Any CPU.Build.0 = Release|Any CPU
		{52CFB0CB-2475-4DFF-97AF-9236ECDCD7DB}.Debug|Any CPU.ActiveCfg = Debug|Any CPU
		{52CFB0CB-2475-4DFF-97AF-9236ECDCD7DB}.Debug|Any CPU.Build.0 = Debug|Any CPU
		{52CFB0CB-2475-4DFF-97AF-9236ECDCD7DB}.Release|Any CPU.ActiveCfg = Release|Any CPU
		{52CFB0CB-2475-4DFF-97AF-9236ECDCD7DB}.Release|Any CPU.Build.0 = Release|Any CPU
		{3174C42D-20CD-4304-84DC-6252462BB18E}.Debug|Any CPU.ActiveCfg = Debug|Any CPU
		{3174C42D-20CD-4304-84DC-6252462BB18E}.Debug|Any CPU.Build.0 = Debug|Any CPU
		{3174C42D-20CD-4304-84DC-6252462BB18E}.Release|Any CPU.ActiveCfg = Release|Any CPU
		{3174C42D-20CD-4304-84DC-6252462BB18E}.Release|Any CPU.Build.0 = Release|Any CPU
	EndGlobalSection
	GlobalSection(SolutionProperties) = preSolution
		HideSolutionNode = FALSE
	EndGlobalSection
	GlobalSection(NestedProjects) = preSolution
		{742F01EB-5641-4B9D-BBE4-89704416971D} = {126B7520-27EE-4E60-9B5F-EA4AEFB50B63}
		{AA0FE99D-D03C-4B15-A22E-83B1F380D4D2} = {126B7520-27EE-4E60-9B5F-EA4AEFB50B63}
		{7A253760-4D1F-4539-9290-E6603855E666} = {126B7520-27EE-4E60-9B5F-EA4AEFB50B63}
		{52CFB0CB-2475-4DFF-97AF-9236ECDCD7DB} = {126B7520-27EE-4E60-9B5F-EA4AEFB50B63}
		{3174C42D-20CD-4304-84DC-6252462BB18E} = {126B7520-27EE-4E60-9B5F-EA4AEFB50B63}
	EndGlobalSection
	GlobalSection(ExtensibilityGlobals) = postSolution
		SolutionGuid = {8366F718-8095-45F6-BA4D-1176971C54E7}
	EndGlobalSection
EndGlobal
